{
  "nodes": {
    "fenix": {
      "inputs": {
        "nixpkgs": [
          "nixpkgs"
        ],
        "rust-analyzer-src": "rust-analyzer-src"
      },
      "locked": {
        "lastModified": 1778314245,
        "narHash": "sha256-a8p3JMunVzj0o86V9CNTyEFw7z4105QWl+bEz6Du8Jw=",
        "owner": "nix-community",
        "repo": "fenix",
        "rev": "f54d645218048a7abe226983a922cdaca63cd845",
        "type": "github"
      },
      "original": {
        "owner": "nix-community",
        "repo": "fenix",
        "type": "github"
      }
    },
    "home-manager": {
      "inputs": {
        "nixpkgs": [
          "nixpkgs"
        ]
      },
      "locked": {
        "lastModified": 1778365864,
        "narHash": "sha256-ImoT/wqmgMImf2dAC+E0MverAdA4QXsedOeES9B7Ezw=",
        "owner": "nix-community",
        "repo": "home-manager",
        "rev": "2f419037039a152448c5f4ae9494154753d1b399",
        "type": "github"
      },
      "original": {
        "owner": "nix-community",
        "repo": "home-manager",
        "type": "github"
      }
    },
    "mcp-servers-nix": {
      "inputs": {
        "nixpkgs": [
          "nixpkgs"
        ]
      },
      "locked": {
        "lastModified": 1778378821,
        "narHash": "sha256-8ISauVLYG28OAPZ4zMgJh4VlLafOjzt7Um3taKSq0xQ=",
        "owner": "natsukium",
        "repo": "mcp-servers-nix",
        "rev": "d9208ca993a4b9858d6b8606270c60f674253579",
        "type": "github"
      },
      "original": {
        "owner": "natsukium",
        "repo": "mcp-servers-nix",
        "type": "github"
      }
    },
    "nixpkgs": {
      "locked": {
        "lastModified": 1778228972,
        "narHash": "sha256-L34YTBob9sdjnc+rd7nMC2X8ddw0LT4RfufnlFyArRU=",
        "owner": "NixOS",
        "repo": "nixpkgs",
        "rev": "1c5503ba41146fb6b49ed9706823b30de7f3a78f",
        "type": "github"
      },
      "original": {
        "owner": "NixOS",
        "ref": "nixos-unstable-small",
        "repo": "nixpkgs",
        "type": "github"
      }
    },
    "root": {
      "inputs": {
        "fenix": "fenix",
        "home-manager": "home-manager",
        "mcp-servers-nix": "mcp-servers-nix",
        "nixpkgs": "nixpkgs"
      }
    },
    "rust-analyzer-src": {
      "flake": false,
      "locked": {
        "lastModified": 1778246258,
        "narHash": "sha256-RUZuOfzouSaK/VjcOCU/P5Nb3EhpM8qGnIcHWIIo4Sw=",
        "owner": "rust-lang",
        "repo": "rust-analyzer",
        "rev": "73ca1d4ef136e2367627d698f00db94882b49440",
        "type": "github"
      },
      "original": {
        "owner": "rust-lang",
        "ref": "nightly",
        "repo": "rust-analyzer",
        "type": "github"
      }
    }
  },
  "root": "root",
  "version": 7
}
